// !$*UTF8*$!
{
	archiveVersion = 1;
	classes = {
	};
	objectVersion = 46;
	objects = {

/* Begin PBXBuildFile section */
		44A0F09D1A9152E600637986 /* AppDelegate.swift in Sources */ = {isa = PBXBuildFile; fileRef = 44A0F09C1A9152E600637986 /* AppDelegate.swift */; };
		44A0F09F1A9152E600637986 /* ViewController.swift in Sources */ = {isa = PBXBuildFile; fileRef = 44A0F09E1A9152E600637986 /* ViewController.swift */; };
		44A0F0A21A9152E600637986 /* Main.storyboard in Resources */ = {isa = PBXBuildFile; fileRef = 44A0F0A01A9152E600637986 /* Main.storyboard */; };
		44A0F0A41A9152E600637986 /* Images.xcassets in Resources */ = {isa = PBXBuildFile; fileRef = 44A0F0A31A9152E600637986 /* Images.xcassets */; };
		44A0F0A71A9152E600637986 /* LaunchScreen.xib in Resources */ = {isa = PBXBuildFile; fileRef = 44A0F0A51A9152E600637986 /* LaunchScreen.xib */; };
		44A0F0B31A9152E600637986 /* LemonadeStandTests.swift in Sources */ = {isa = PBXBuildFile; fileRef = 44A0F0B21A9152E600637986 /* LemonadeStandTests.swift */; };
/* End PBXBuildFile section */

/* Begin PBXContainerItemProxy section */
		44A0F0AD1A9152E600637986 /* PBXContainerItemProxy */ = {
			isa = PBXContainerItemProxy;
			containerPortal = 44A0F08F1A9152E600637986 /* Project object */;
			proxyType = 1;
			remoteGlobalIDString = 44A0F0961A9152E600637986;
			remoteInfo = LemonadeStand;
		};
/* End PBXContainerItemProxy section */

/* Begin PBXFileReference section */
		44A0F0971A9152E600637986 /* LemonadeStand.app */ = {isa = PBXFileReference; explicitFileType = wrapper.application; includeInIndex = 0; path = LemonadeStand.app; sourceTree = BUILT_PRODUCTS_DIR; };
		44A0F09B1A9152E600637986 /* Info.plist */ = {isa = PBXFileReference; lastKnownFileType = text.plist.xml; path = Info.plist; sourceTree = "<group>"; };
		44A0F09C1A9152E600637986 /* AppDelegate.swift */ = {isa = PBXFileReference; lastKnownFileType = sourcecode.swift; path = AppDelegate.swift; sourceTree = "<group>"; };
		44A0F09E1A9152E600637986 /* ViewController.swift */ = {isa = PBXFileReference; lastKnownFileType = sourcecode.swift; path = ViewController.swift; sourceTree = "<group>"; };
		44A0F0A11A9152E600637986 /* Base */ = {isa = PBXFileReference; lastKnownFileType = file.storyboard; name = Base; path = Base.lproj/Main.storyboard; sourceTree = "<group>"; };
		44A0F0A31A9152E600637986 /* Images.xcassets */ = {isa = PBXFileReference; lastKnownFileType = folder.assetcatalog; path = Images.xcassets; sourceTree = "<group>"; };
		44A0F0A61A9152E600637986 /* Base */ = {isa = PBXFileReference; lastKnownFileType = file.xib; name = Base; path = Base.lproj/LaunchScreen.xib; sourceTree = "<group>"; };
		44A0F0AC1A9152E600637986 /* LemonadeStandTests.xctest */ = {isa = PBXFileReference; explicitFileType = wrapper.cfbundle; includeInIndex = 0; path = LemonadeStandTests.xctest; sourceTree = BUILT_PRODUCTS_DIR; };
		44A0F0B11A9152E600637986 /* Info.plist */ = {isa = PBXFileReference; lastKnownFileType = text.plist.xml; path = Info.plist; sourceTree = "<group>"; };
		44A0F0B21A9152E600637986 /* LemonadeStandTests.swift */ = {isa = PBXFileReference; lastKnownFileType = sourcecode.swift; path = LemonadeStandTests.swift; sourceTree = "<group>"; };
/* End PBXFileReference section */

/* Begin PBXFrameworksBuildPhase section */
		44A0F0941A9152E600637986 /* Frameworks */ = {
			isa = PBXFrameworksBuildPhase;
			buildActionMask = 2147483647;
			files = (
			);
			runOnlyForDeploymentPostprocessing = 0;
		};
		44A0F0A91A9152E600637986 /* Frameworks */ = {
			isa = PBXFrameworksBuildPhase;
			buildActionMask = 2147483647;
			files = (
			);
			runOnlyForDeploymentPostprocessing = 0;
		};
/* End PBXFrameworksBuildPhase section */

/* Begin PBXGroup section */
		44A0F08E1A9152E600637986 = {
			isa = PBXGroup;
			children = (
				44A0F0991A9152E600637986 /* LemonadeStand */,
				44A0F0AF1A9152E600637986 /* LemonadeStandTests */,
				44A0F0981A9152E600637986 /* Products */,
			);
			sourceTree = "<group>";
		};
		44A0F0981A9152E600637986 /* Products */ = {
			isa = PBXGroup;
			children = (
				44A0F0971A9152E600637986 /* LemonadeStand.app */,
				44A0F0AC1A9152E600637986 /* LemonadeStandTests.xctest */,
			);
			name = Products;
			sourceTree = "<group>";
		};
		44A0F0991A9152E600637986 /* LemonadeStand */ = {
			isa = PBXGroup;
			children = (
				44A0F09C1A9152E600637986 /* AppDelegate.swift */,
				44A0F09E1A9152E600637986 /* ViewController.swift */,
				44A0F0A01A9152E600637986 /* Main.storyboard */,
				44A0F0A31A9152E600637986 /* Images.xcassets */,
				44A0F0A51A9152E600637986 /* LaunchScreen.xib */,
				44A0F09A1A9152E600637986 /* Supporting Files */,
			);
			path = LemonadeStand;
			sourceTree = "<group>";
		};
		44A0F09A1A9152E600637986 /* Supporting Files */ = {
			isa = PBXGroup;
			children = (
				44A0F09B1A9152E600637986 /* Info.plist */,
			);
			name = "Supporting Files";
			sourceTree = "<group>";
		};
		44A0F0AF1A9152E600637986 /* LemonadeStandTests */ = {
			isa = PBXGroup;
			children = (
				44A0F0B21A9152E600637986 /* LemonadeStandTests.swift */,
				44A0F0B01A9152E600637986 /* Supporting Files */,
			);
			path = LemonadeStandTests;
			sourceTree = "<group>";
		};
		44A0F0B01A9152E600637986 /* Supporting Files */ = {
			isa = PBXGroup;
			children = (
				44A0F0B11A9152E600637986 /* Info.plist */,
			);
			name = "Supporting Files";
			sourceTree = "<group>";
		};
/* End PBXGroup section */

/* Begin PBXNativeTarget section */
		44A0F0961A9152E600637986 /* LemonadeStand */ = {
			isa = PBXNativeTarget;
			buildConfigurationList = 44A0F0B61A9152E600637986 /* Build configuration list for PBXNativeTarget "LemonadeStand" */;
			buildPhases = (
				44A0F0931A9152E600637986 /* Sources */,
				44A0F0941A9152E600637986 /* Frameworks */,
				44A0F0951A9152E600637986 /* Resources */,
			);
			buildRules = (
			);
			dependencies = (
			);
			name = LemonadeStand;
			productName = LemonadeStand;
			productReference = 44A0F0971A9152E600637986 /* LemonadeStand.app */;
			productType = "com.apple.product-type.application";
		};
		44A0F0AB1A9152E600637986 /* LemonadeStandTests */ = {
			isa = PBXNativeTarget;
			buildConfigurationList = 44A0F0B91A9152E600637986 /* Build configuration list for PBXNativeTarget "LemonadeStandTests" */;
			buildPhases = (
				44A0F0A81A9152E600637986 /* Sources */,
				44A0F0A91A9152E600637986 /* Frameworks */,
				44A0F0AA1A9152E600637986 /* Resources */,
			);
			buildRules = (
			);
			dependencies = (
				44A0F0AE1A9152E600637986 /* PBXTargetDependency */,
			);
			name = LemonadeStandTests;
			productName = LemonadeStandTests;
			productReference = 44A0F0AC1A9152E600637986 /* LemonadeStandTests.xctest */;
			productType = "com.apple.product-type.bundle.unit-test";
		};
/* End PBXNativeTarget section */

/* Begin PBXProject section */
		44A0F08F1A9152E600637986 /* Project object */ = {
			isa = PBXProject;
			attributes = {
				LastUpgradeCheck = 0610;
				ORGANIZATIONNAME = MadKitty;
				TargetAttributes = {
					44A0F0961A9152E600637986 = {
						CreatedOnToolsVersion = 6.1.1;
					};
					44A0F0AB1A9152E600637986 = {
						CreatedOnToolsVersion = 6.1.1;
						TestTargetID = 44A0F0961A9152E600637986;
					};
				};
			};
			buildConfigurationList = 44A0F0921A9152E600637986 /* Build configuration list for PBXProject "LemonadeStand" */;
			compatibilityVersion = "Xcode 3.2";
			developmentRegion = English;
			hasScannedForEncodings = 0;
			knownRegions = (
				en,
				Base,
			);
			mainGroup = 44A0F08E1A9152E600637986;
			productRefGroup = 44A0F0981A9152E600637986 /* Products */;
			projectDirPath = "";
			projectRoot = "";
			targets = (
				44A0F0961A9152E600637986 /* LemonadeStand */,
				44A0F0AB1A9152E600637986 /* LemonadeStandTests */,
			);
		};
/* End PBXProject section */

/* Begin PBXResourcesBuildPhase section */
		44A0F0951A9152E600637986 /* Resources */ = {
			isa = PBXResourcesBuildPhase;
			buildActionMask = 2147483647;
			files = (
				44A0F0A21A9152E600637986 /* Main.storyboard in Resources */,
				44A0F0A71A9152E600637986 /* LaunchScreen.xib in Resources */,
				44A0F0A41A9152E600637986 /* Images.xcassets in Resources */,
			);
			runOnlyForDeploymentPostprocessing = 0;
		};
		44A0F0AA1A9152E600637986 /* Resources */ = {
			isa = PBXResourcesBuildPhase;
			buildActionMask = 2147483647;
			files = (
			);
			runOnlyForDeploymentPostprocessing = 0;
		};
/* End PBXResourcesBuildPhase section */

/* Begin PBXSourcesBuildPhase section */
		44A0F0931A9152E600637986 /* Sources */ = {
			isa = PBXSourcesBuildPhase;
			buildActionMask = 2147483647;
			files = (
				44A0F09F1A9152E600637986 /* ViewController.swift in Sources */,
				44A0F09D1A9152E600637986 /* AppDelegate.swift in Sources */,
			);
			runOnlyForDeploymentPostprocessing = 0;
		};
		44A0F0A81A9152E600637986 /* Sources */ = {
			isa = PBXSourcesBuildPhase;
			buildActionMask = 2147483647;
			files = (
				44A0F0B31A9152E600637986 /* LemonadeStandTests.swift in Sources */,
			);
			runOnlyForDeploymentPostprocessing = 0;
		};
/* End PBXSourcesBuildPhase section */

/* Begin PBXTargetDependency section */
		44A0F0AE1A9152E600637986 /* PBXTargetDependency */ = {
			isa = PBXTargetDependency;
			target = 44A0F0961A9152E600637986 /* LemonadeStand */;
			targetProxy = 44A0F0AD1A9152E600637986 /* PBXContainerItemProxy */;
		};
/* End PBXTargetDependency section */

/* Begin PBXVariantGroup section */
		44A0F0A01A9152E600637986 /* Main.storyboard */ = {
			isa = PBXVariantGroup;
			children = (
				44A0F0A11A9152E600637986 /* Base */,
			);
			name = Main.storyboard;
			sourceTree = "<group>";
		};
		44A0F0A51A9152E600637986 /* LaunchScreen.xib */ = {
			isa = PBXVariantGroup;
			children = (
				44A0F0A61A9152E600637986 /* Base */,
			);
			name = LaunchScreen.xib;
			sourceTree = "<group>";
		};
/* End PBXVariantGroup section */

/* Begin XCBuildConfiguration section */
		44A0F0B41A9152E600637986 /* Debug */ = {
			isa = XCBuildConfiguration;
			buildSettings = {
				ALWAYS_SEARCH_USER_PATHS = NO;
				CLANG_CXX_LANGUAGE_STANDARD = "gnu++0x";
				CLANG_CXX_LIBRARY = "libc++";
				CLANG_ENABLE_MODULES = YES;
				CLANG_ENABLE_OBJC_ARC = YES;
				CLANG_WARN_BOOL_CONVERSION = YES;
				CLANG_WARN_CONSTANT_CONVERSION = YES;
				CLANG_WARN_DIRECT_OBJC_ISA_USAGE = YES_ERROR;
				CLANG_WARN_EMPTY_BODY = YES;
				CLANG_WARN_ENUM_CONVERSION = YES;
				CLANG_WARN_INT_CONVERSION = YES;
				CLANG_WARN_OBJC_ROOT_CLASS = YES_ERROR;
				CLANG_WARN_UNREACHABLE_CODE = YES;
				CLANG_WARN__DUPLICATE_METHOD_MATCH = YES;
				"CODE_SIGN_IDENTITY[sdk=iphoneos*]" = "iPhone Developer";
				COPY_PHASE_STRIP = NO;
				ENABLE_STRICT_OBJC_MSGSEND = YES;
				GCC_C_LANGUAGE_STANDARD = gnu99;
				GCC_DYNAMIC_NO_PIC = NO;
				GCC_OPTIMIZATION_LEVEL = 0;
				GCC_PREPROCESSOR_DEFINITIONS = (
					"DEBUG=1",
					"$(inherited)",
				);
				GCC_SYMBOLS_PRIVATE_EXTERN = NO;
				GCC_WARN_64_TO_32_BIT_CONVERSION = YES;
				GCC_WARN_ABOUT_RETURN_TYPE = YES_ERROR;
				GCC_WARN_UNDECLARED_SELECTOR = YES;
				GCC_WARN_UNINITIALIZED_AUTOS = YES_AGGRESSIVE;
				GCC_WARN_UNUSED_FUNCTION = YES;
				GCC_WARN_UNUSED_VARIABLE = YES;
				IPHONEOS_DEPLOYMENT_TARGET = 8.1;
				MTL_ENABLE_DEBUG_INFO = YES;
				ONLY_ACTIVE_ARCH = YES;
				SDKROOT = iphoneos;
				SWIFT_OPTIMIZATION_LEVEL = "-Onone";
				TARGETED_DEVICE_FAMILY = "1,2";
			};
			name = Debug;
		};
		44A0F0B51A9152E600637986 /* Release */ = {
			isa = XCBuildConfiguration;
			buildSettings = {
				ALWAYS_SEARCH_USER_PATHS = NO;
				CLANG_CXX_LANGUAGE_STANDARD = "gnu++0x";
				CLANG_CXX_LIBRARY = "libc++";
				CLANG_ENABLE_MODULES = YES;
				CLANG_ENABLE_OBJC_ARC = YES;
				CLANG_WARN_BOOL_CONVERSION = YES;
				CLANG_WARN_CONSTANT_CONVERSION = YES;
				CLANG_WARN_DIRECT_OBJC_ISA_USAGE = YES_ERROR;
				CLANG_WARN_EMPTY_BODY = YES;
				CLANG_WARN_ENUM_CONVERSION = YES;
				CLANG_WARN_INT_CONVERSION = YES;
				CLANG_WARN_OBJC_ROOT_CLASS = YES_ERROR;
				CLANG_WARN_UNREACHABLE_CODE = YES;
				CLANG_WARN__DUPLICATE_METHOD_MATCH = YES;
				"CODE_SIGN_IDENTITY[sdk=iphoneos*]" = "iPhone Developer";
				COPY_PHASE_STRIP = YES;
				ENABLE_NS_ASSERTIONS = NO;
				ENABLE_STRICT_OBJC_MSGSEND = YES;
				GCC_C_LANGUAGE_STANDARD = gnu99;
				GCC_WARN_64_TO_32_BIT_CONVERSION = YES;
				GCC_WARN_ABOUT_RETURN_TYPE = YES_ERROR;
				GCC_WARN_UNDECLARED_SELECTOR = YES;
				GCC_WARN_UNINITIALIZED_AUTOS = YES_AGGRESSIVE;
				GCC_WARN_UNUSED_FUNCTION = YES;
				GCC_WARN_UNUSED_VARIABLE = YES;
				IPHONEOS_DEPLOYMENT_TARGET = 8.1;
				MTL_ENABLE_DEBUG_INFO = NO;
				SDKROOT = iphoneos;
				TARGETED_DEVICE_FAMILY = "1,2";
				VALIDATE_PRODUCT = YES;
			};
			name = Release;
		};
		44A0F0B71A9152E600637986 /* Debug */ = {
			isa = XCBuildConfiguration;
			buildSettings = {
				ASSETCATALOG_COMPILER_APPICON_NAME = AppIcon;
				INFOPLIST_FILE = LemonadeStand/Info.plist;
				LD_RUNPATH_SEARCH_PATHS = "$(inherited) @executable_path/Frameworks";
				PRODUCT_NAME = "$(TARGET_NAME)";
			};
			name = Debug;
		};
		44A0F0B81A9152E600637986 /* Release */ = {
			isa = XCBuildConfiguration;
			buildSettings = {
				ASSETCATALOG_COMPILER_APPICON_NAME = AppIcon;
				INFOPLIST_FILE = LemonadeStand/Info.plist;
				LD_RUNPATH_SEARCH_PATHS = "$(inherited) @executable_path/Frameworks";
				PRODUCT_NAME = "$(TARGET_NAME)";
			};
			name = Release;
		};
		44A0F0BA1A9152E600637986 /* Debug */ = {
			isa = XCBuildConfiguration;
			buildSettings = {
				BUNDLE_LOADER = "$(TEST_HOST)";
				FRAMEWORK_SEARCH_PATHS = (
					"$(SDKROOT)/Developer/Library/Frameworks",
					"$(inherited)",
				);
				GCC_PREPROCESSOR_DEFINITIONS = (
					"DEBUG=1",
					"$(inherited)",
				);
				INFOPLIST_FILE = LemonadeStandTests/Info.plist;
				LD_RUNPATH_SEARCH_PATHS = "$(inherited) @executable_path/Frameworks @loader_path/Frameworks";
				PRODUCT_NAME = "$(TARGET_NAME)";
				TEST_HOST = "$(BUILT_PRODUCTS_DIR)/LemonadeStand.app/LemonadeStand";
			};
			name = Debug;
		};
		44A0F0BB1A9152E600637986 /* Release */ = {
			isa = XCBuildConfiguration;
			buildSettings = {
				BUNDLE_LOADER = "$(TEST_HOST)";
				FRAMEWORK_SEARCH_PATHS = (
					"$(SDKROOT)/Developer/Library/Frameworks",
					"$(inherited)",
				);
				INFOPLIST_FILE = LemonadeStandTests/Info.plist;
				LD_RUNPATH_SEARCH_PATHS = "$(inherited) @executable_path/Frameworks @loader_path/Frameworks";
				PRODUCT_NAME = "$(TARGET_NAME)";
				TEST_HOST = "$(BUILT_PRODUCTS_DIR)/LemonadeStand.app/LemonadeStand";
			};
			name = Release;
		};
/* End XCBuildConfiguration section */

/* Begin XCConfigurationList section */
		44A0F0921A9152E600637986 /* Build configuration list for PBXProject "LemonadeStand" */ = {
			isa = XCConfigurationList;
			buildConfigurations = (
				44A0F0B41A9152E600637986 /* Debug */,
				44A0F0B51A9152E600637986 /* Release */,
			);
			defaultConfigurationIsVisible = 0;
			defaultConfigurationName = Release;
		};
		44A0F0B61A9152E600637986 /* Build configuration list for PBXNativeTarget "LemonadeStand" */ = {
			isa = XCConfigurationList;
			buildConfigurations = (
				44A0F0B71A9152E600637986 /* Debug */,
				44A0F0B81A9152E600637986 /* Release */,
			);
			defaultConfigurationIsVisible = 0;
		};
		44A0F0B91A9152E600637986 /* Build configuration list for PBXNativeTarget "LemonadeStandTests" */ = {
			isa = XCConfigurationList;
			buildConfigurations = (
				44A0F0BA1A9152E600637986 /* Debug */,
				44A0F0BB1A9152E600637986 /* Release */,
			);
			defaultConfigurationIsVisible = 0;
		};
/* End XCConfigurationList section */
	};
	rootObject = 44A0F08F1A9152E600637986 /* Project object */;
}
